
Microsoft Visual Studio Solution File, Format Version 12.00
# Visual Studio 15
VisualStudioVersion = 15.0.27130.2010
MinimumVisualStudioVersion = 10.0.40219.1
Project("{FAE04EC0-301F-11D3-BF4B-00C04F79EFBC}") = "ATray", "ATray\ATray.csproj", "{096B868B-82CE-4E60-951D-E82102288EE3}"
EndProject
Project("{FAE04EC0-301F-11D3-BF4B-00C04F79EFBC}") = "RepositoryManager", "RepositoryManager\RepositoryManager.csproj", "{88398646-F6E8-45A6-B2C0-0051CABDDB37}"
EndProject
Project("{FAE04EC0-301F-11D3-BF4B-00C04F79EFBC}") = "RepositoryManager.Tests", "RepositoryManager.Tests\RepositoryManager.Tests.csproj", "{AF17156F-6B10-4A3A-94BA-890B8E3855D3}"
EndProject
Project("{FAE04EC0-301F-11D3-BF4B-00C04F79EFBC}") = "Atray.Tests", "Atray.Tests\Atray.Tests.csproj", "{CE8A8517-F382-4E34-8AE8-EB4DDC35D4C3}"
EndProject
Project("{FAE04EC0-301F-11D3-BF4B-00C04F79EFBC}") = "atraycmd", "atraycmd\atraycmd.csproj", "{4126CFB4-BDA7-48A3-B6C7-A065A0546A43}"
EndProject
Global
	GlobalSection(SolutionConfigurationPlatforms) = preSolution
		Debug|x64 = Debug|x64
		Debug|x86 = Debug|x86
		Release|x64 = Release|x64
		Release|x86 = Release|x86
		Description = Various tools to make my life easier
	EndGlobalSection
	GlobalSection(ProjectConfigurationPlatforms) = postSolution
		{096B868B-82CE-4E60-951D-E82102288EE3}.Debug|x64.ActiveCfg = Debug|x64
		{096B868B-82CE-4E60-951D-E82102288EE3}.Debug|x64.Build.0 = Debug|x64
		{096B868B-82CE-4E60-951D-E82102288EE3}.Debug|x86.ActiveCfg = Debug|x86
		{096B868B-82CE-4E60-951D-E82102288EE3}.Debug|x86.Build.0 = Debug|x86
		{096B868B-82CE-4E60-951D-E82102288EE3}.Release|x64.ActiveCfg = Release|x64
		{096B868B-82CE-4E60-951D-E82102288EE3}.Release|x64.Build.0 = Release|x64
		{096B868B-82CE-4E60-951D-E82102288EE3}.Release|x86.ActiveCfg = Release|x86
		{096B868B-82CE-4E60-951D-E82102288EE3}.Release|x86.Build.0 = Release|x86
		{88398646-F6E8-45A6-B2C0-0051CABDDB37}.Debug|x64.ActiveCfg = Debug|x64
		{88398646-F6E8-45A6-B2C0-0051CABDDB37}.Debug|x64.Build.0 = Debug|x64
		{88398646-F6E8-45A6-B2C0-0051CABDDB37}.Debug|x86.ActiveCfg = Debug|x86
		{88398646-F6E8-45A6-B2C0-0051CABDDB37}.Debug|x86.Build.0 = Debug|x86
		{88398646-F6E8-45A6-B2C0-0051CABDDB37}.Release|x64.ActiveCfg = Release|x64
		{88398646-F6E8-45A6-B2C0-0051CABDDB37}.Release|x64.Build.0 = Release|x64
		{88398646-F6E8-45A6-B2C0-0051CABDDB37}.Release|x86.ActiveCfg = Release|x86
		{88398646-F6E8-45A6-B2C0-0051CABDDB37}.Release|x86.Build.0 = Release|x86
		{AF17156F-6B10-4A3A-94BA-890B8E3855D3}.Debug|x64.ActiveCfg = Debug|x64
		{AF17156F-6B10-4A3A-94BA-890B8E3855D3}.Debug|x64.Build.0 = Debug|x64
		{AF17156F-6B10-4A3A-94BA-890B8E3855D3}.Debug|x86.ActiveCfg = Debug|x86
		{AF17156F-6B10-4A3A-94BA-890B8E3855D3}.Debug|x86.Build.0 = Debug|x86
		{AF17156F-6B10-4A3A-94BA-890B8E3855D3}.Release|x64.ActiveCfg = Release|x64
		{AF17156F-6B10-4A3A-94BA-890B8E3855D3}.Release|x64.Build.0 = Release|x64
		{AF17156F-6B10-4A3A-94BA-890B8E3855D3}.Release|x86.ActiveCfg = Release|x86
		{AF17156F-6B10-4A3A-94BA-890B8E3855D3}.Release|x86.Build.0 = Release|x86
		{CE8A8517-F382-4E34-8AE8-EB4DDC35D4C3}.Debug|x64.ActiveCfg = Debug|x64
		{CE8A8517-F382-4E34-8AE8-EB4DDC35D4C3}.Debug|x64.Build.0 = Debug|x64
		{CE8A8517-F382-4E34-8AE8-EB4DDC35D4C3}.Debug|x86.ActiveCfg = Debug|x86
		{CE8A8517-F382-4E34-8AE8-EB4DDC35D4C3}.Debug|x86.Build.0 = Debug|x86
		{CE8A8517-F382-4E34-8AE8-EB4DDC35D4C3}.Release|x64.ActiveCfg = Release|x64
		{CE8A8517-F382-4E34-8AE8-EB4DDC35D4C3}.Release|x64.Build.0 = Release|x64
		{CE8A8517-F382-4E34-8AE8-EB4DDC35D4C3}.Release|x86.ActiveCfg = Release|x86
		{CE8A8517-F382-4E34-8AE8-EB4DDC35D4C3}.Release|x86.Build.0 = Release|x86
		{4126CFB4-BDA7-48A3-B6C7-A065A0546A43}.Debug|x64.ActiveCfg = Debug|x64
		{4126CFB4-BDA7-48A3-B6C7-A065A0546A43}.Debug|x64.Build.0 = Debug|x64
		{4126CFB4-BDA7-48A3-B6C7-A065A0546A43}.Debug|x86.ActiveCfg = Debug|x86
		{4126CFB4-BDA7-48A3-B6C7-A065A0546A43}.Debug|x86.Build.0 = Debug|x86
		{4126CFB4-BDA7-48A3-B6C7-A065A0546A43}.Release|x64.ActiveCfg = Release|x64
		{4126CFB4-BDA7-48A3-B6C7-A065A0546A43}.Release|x64.Build.0 = Release|x64
		{4126CFB4-BDA7-48A3-B6C7-A065A0546A43}.Release|x86.ActiveCfg = Release|x86
		{4126CFB4-BDA7-48A3-B6C7-A065A0546A43}.Release|x86.Build.0 = Release|x86
	EndGlobalSection
	GlobalSection(SolutionProperties) = preSolution
		HideSolutionNode = FALSE
	EndGlobalSection
	GlobalSection(ExtensibilityGlobals) = postSolution
		SolutionGuid = {72C6D3B4-07CA-4BF9-B7E3-F3660BB049E6}
	EndGlobalSection
EndGlobal
